
Microsoft Visual Studio Solution File, Format Version 12.00
# Visual Studio 2012
Project("{FAE04EC0-301F-11D3-BF4B-00C04F79EFBC}") = "GYM", "GYM\GYM.csproj", "{57004721-0BA6-4964-8A8D-DE4FF020AB3A}"
EndProject
Global
	GlobalSection(SolutionConfigurationPlatforms) = preSolution
		CD_ROM|Any CPU = CD_ROM|Any CPU
		Custom|Any CPU = Custom|Any CPU
		Debug|Any CPU = Debug|Any CPU
		DVD-10|Any CPU = DVD-10|Any CPU
		DVD-18|Any CPU = DVD-18|Any CPU
		DVD-5|Any CPU = DVD-5|Any CPU
		DVD-9|Any CPU = DVD-9|Any CPU
		Release|Any CPU = Release|Any CPU
		SingleImage|Any CPU = SingleImage|Any CPU
		WebDeployment|Any CPU = WebDeployment|Any CPU
	EndGlobalSection
	GlobalSection(ProjectConfigurationPlatforms) = postSolution
		{57004721-0BA6-4964-8A8D-DE4FF020AB3A}.CD_ROM|Any CPU.ActiveCfg = Release|Any CPU
		{57004721-0BA6-4964-8A8D-DE4FF020AB3A}.CD_ROM|Any CPU.Build.0 = Release|Any CPU
		{57004721-0BA6-4964-8A8D-DE4FF020AB3A}.Custom|Any CPU.ActiveCfg = Release|Any CPU
		{57004721-0BA6-4964-8A8D-DE4FF020AB3A}.Custom|Any CPU.Build.0 = Release|Any CPU
		{57004721-0BA6-4964-8A8D-DE4FF020AB3A}.Debug|Any CPU.ActiveCfg = Debug|Any CPU
		{57004721-0BA6-4964-8A8D-DE4FF020AB3A}.Debug|Any CPU.Build.0 = Debug|Any CPU
		{57004721-0BA6-4964-8A8D-DE4FF020AB3A}.DVD-10|Any CPU.ActiveCfg = Debug|Any CPU
		{57004721-0BA6-4964-8A8D-DE4FF020AB3A}.DVD-10|Any CPU.Build.0 = Debug|Any CPU
		{57004721-0BA6-4964-8A8D-DE4FF020AB3A}.DVD-18|Any CPU.ActiveCfg = Debug|Any CPU
		{57004721-0BA6-4964-8A8D-DE4FF020AB3A}.DVD-18|Any CPU.Build.0 = Debug|Any CPU
		{57004721-0BA6-4964-8A8D-DE4FF020AB3A}.DVD-5|Any CPU.ActiveCfg = Debug|Any CPU
		{57004721-0BA6-4964-8A8D-DE4FF020AB3A}.DVD-5|Any CPU.Build.0 = Debug|Any CPU
		{57004721-0BA6-4964-8A8D-DE4FF020AB3A}.DVD-9|Any CPU.ActiveCfg = Debug|Any CPU
		{57004721-0BA6-4964-8A8D-DE4FF020AB3A}.DVD-9|Any CPU.Build.0 = Debug|Any CPU
		{57004721-0BA6-4964-8A8D-DE4FF020AB3A}.Release|Any CPU.ActiveCfg = Release|Any CPU
		{57004721-0BA6-4964-8A8D-DE4FF020AB3A}.Release|Any CPU.Build.0 = Release|Any CPU
		{57004721-0BA6-4964-8A8D-DE4FF020AB3A}.SingleImage|Any CPU.ActiveCfg = Release|Any CPU
		{57004721-0BA6-4964-8A8D-DE4FF020AB3A}.SingleImage|Any CPU.Build.0 = Release|Any CPU
		{57004721-0BA6-4964-8A8D-DE4FF020AB3A}.WebDeployment|Any CPU.ActiveCfg = Release|Any CPU
		{57004721-0BA6-4964-8A8D-DE4FF020AB3A}.WebDeployment|Any CPU.Build.0 = Release|Any CPU
	EndGlobalSection
	GlobalSection(SolutionProperties) = preSolution
		HideSolutionNode = FALSE
	EndGlobalSection
EndGlobal
